
Microsoft Visual Studio Solution File, Format Version 12.00
# Visual Studio 15
VisualStudioVersion = 15.0.28307.1300
MinimumVisualStudioVersion = 10.0.40219.1
Project("{FAE04EC0-301F-11D3-BF4B-00C04F79EFBC}") = "Test2", "Test2.csproj", "{1C3A36AF-BF6B-40DB-A746-91C015D97201}"
EndProject
Global
	GlobalSection(SolutionConfigurationPlatforms) = preSolution
		Debug|Any CPU = Debug|Any CPU
		Release|Any CPU = Release|Any CPU
	EndGlobalSection
	GlobalSection(ProjectConfigurationPlatforms) = postSolution
		{1C3A36AF-BF6B-40DB-A746-91C015D97201}.Debug|Any CPU.ActiveCfg = Debug|Any CPU
		{1C3A36AF-BF6B-40DB-A746-91C015D97201}.Debug|Any CPU.Build.0 = Debug|Any CPU
		{1C3A36AF-BF6B-40DB-A746-91C015D97201}.Release|Any CPU.ActiveCfg = Release|Any CPU
		{1C3A36AF-BF6B-40DB-A746-91C015D97201}.Release|Any CPU.Build.0 = Release|Any CPU
	EndGlobalSection
	GlobalSection(SolutionProperties) = preSolution
		HideSolutionNode = FALSE
	EndGlobalSection
	GlobalSection(ExtensibilityGlobals) = postSolution
		SolutionGuid = {317C858B-8147-4341-99AF-6E7BFB4858E9}
	EndGlobalSection
EndGlobal
